
Microsoft Visual Studio Solution File, Format Version 12.00
# Visual Studio Version 17
VisualStudioVersion = 17.3.32901.215
MinimumVisualStudioVersion = 10.0.40219.1
Project("{9A19103F-16F7-4668-BE54-9A1E7A4F7556}") = "Trannet", "Trannet.csproj", "{57390E27-E9EF-4677-BA56-12FD9A697A14}"
EndProject
Project("{FAE04EC0-301F-11D3-BF4B-00C04F79EFBC}") = "Trannet.Benchmark", "..\Trannet.Benchmark\Trannet.Benchmark.csproj", "{5F3602A6-AF81-4CCD-ACB6-F9FDF59AC21B}"
EndProject
Global
	GlobalSection(SolutionConfigurationPlatforms) = preSolution
		Debug|Any CPU = Debug|Any CPU
		Release|Any CPU = Release|Any CPU
	EndGlobalSection
	GlobalSection(ProjectConfigurationPlatforms) = postSolution
		{57390E27-E9EF-4677-BA56-12FD9A697A14}.Debug|Any CPU.ActiveCfg = Debug|Any CPU
		{57390E27-E9EF-4677-BA56-12FD9A697A14}.Debug|Any CPU.Build.0 = Debug|Any CPU
		{57390E27-E9EF-4677-BA56-12FD9A697A14}.Release|Any CPU.ActiveCfg = Release|Any CPU
		{57390E27-E9EF-4677-BA56-12FD9A697A14}.Release|Any CPU.Build.0 = Release|Any CPU
		{5F3602A6-AF81-4CCD-ACB6-F9FDF59AC21B}.Debug|Any CPU.ActiveCfg = Debug|Any CPU
		{5F3602A6-AF81-4CCD-ACB6-F9FDF59AC21B}.Debug|Any CPU.Build.0 = Debug|Any CPU
		{5F3602A6-AF81-4CCD-ACB6-F9FDF59AC21B}.Release|Any CPU.ActiveCfg = Release|Any CPU
		{5F3602A6-AF81-4CCD-ACB6-F9FDF59AC21B}.Release|Any CPU.Build.0 = Release|Any CPU
	EndGlobalSection
	GlobalSection(SolutionProperties) = preSolution
		HideSolutionNode = FALSE
	EndGlobalSection
	GlobalSection(ExtensibilityGlobals) = postSolution
		SolutionGuid = {1DD41215-A419-4650-ADDF-ABB7B2E3D0A5}
	EndGlobalSection
EndGlobal
